# This file is automatically @generated by Cargo.
# It is not intended for manual editing.
version = 4

[[package]]
name = "lexopt"
version = "0.3.2"
source = "registry+https://github.com/rust-lang/crates.io-index"
checksum = "803ec87c9cfb29b9d2633f20cba1f488db3fd53f2158b1024cbefb47ba05d413"

[[package]]
name = "navya-ci"
version = "0.2.1"
dependencies = [
 "lexopt",
 "nojson",
]

[[package]]
name = "nojson"
version = "0.3.9"
source = "registry+https://github.com/rust-lang/crates.io-index"
checksum = "9e05a781658cd8e367ec63f9a41cb3768827fd8560025b704ffc4ae4aa92ea66"
